# THIS IS AN AUTOGENERATED FILE. DO NOT EDIT THIS FILE DIRECTLY.
# yarn lockfile v1


type-fest@^4.3.1:
  version "4.3.1"
  resolved "https://registry.yarnpkg.com/type-fest/-/type-fest-4.3.1.tgz#5cb58cdab5120f7ab0b40cfdc35073fb9adb651d"
  integrity sha512-pphNW/msgOUSkJbH58x8sqpq8uQj6b0ZKGxEsLKMUnGorRcDjrUaLS+39+/ub41JNTwrrMyJcUB8+YZs3mbwqw==

typescript@^5.2.2:
  version "5.2.2"
  resolved "https://registry.yarnpkg.com/typescript/-/typescript-5.2.2.tgz#5ebb5e5a5b75f085f22bc3f8460fba308310fa78"
  integrity sha512-mI4WrpHsbCIcwT9cF4FZvr80QUeKvsUsUvKDoR+X/7XHQH98xYD8YHZg7ANtz2GtZt/CBq2QJ0thkGJMHfqc1w==
