# THIS IS AN AUTOGENERATED FILE. DO NOT EDIT THIS FILE DIRECTLY.
# yarn lockfile v1


type-fest@^4.3.0:
  version "4.3.0"
  resolved "https://registry.yarnpkg.com/type-fest/-/type-fest-4.3.0.tgz#5cb4dc1c05f868a2a24313893b847b0443a9d504"
  integrity sha512-XbMcLhoaaX/vw1S8jTKysTlznqSPxDXj1Jf56neDMksT1xoKr02pFAhHhDbW9bFejktlwKto18/UsdXlnUCBMg==
